
Microsoft Visual Studio Solution File, Format Version 12.00
# Visual Studio Version 16
VisualStudioVersion = 16.0.31112.23
MinimumVisualStudioVersion = 10.0.40219.1
Project("{9A19103F-16F7-4668-BE54-9A1E7A4F7556}") = "LumberManagerWebEdition", "LumberManagerWebEdition\LumberManagerWebEdition.csproj", "{475EB71C-F08D-4E77-97A5-24A7E4753A27}"
EndProject
Global
	GlobalSection(SolutionConfigurationPlatforms) = preSolution
		Debug|Any CPU = Debug|Any CPU
		Release|Any CPU = Release|Any CPU
	EndGlobalSection
	GlobalSection(ProjectConfigurationPlatforms) = postSolution
		{475EB71C-F08D-4E77-97A5-24A7E4753A27}.Debug|Any CPU.ActiveCfg = Debug|Any CPU
		{475EB71C-F08D-4E77-97A5-24A7E4753A27}.Debug|Any CPU.Build.0 = Debug|Any CPU
		{475EB71C-F08D-4E77-97A5-24A7E4753A27}.Release|Any CPU.ActiveCfg = Release|Any CPU
		{475EB71C-F08D-4E77-97A5-24A7E4753A27}.Release|Any CPU.Build.0 = Release|Any CPU
	EndGlobalSection
	GlobalSection(SolutionProperties) = preSolution
		HideSolutionNode = FALSE
	EndGlobalSection
	GlobalSection(ExtensibilityGlobals) = postSolution
		SolutionGuid = {333BF7D5-505F-457C-941A-E440C0807FE9}
	EndGlobalSection
EndGlobal
